{
  "requires": true,
  "lockfileVersion": 1,
  "dependencies": {
    "eventemitter3": {
      "version": "4.0.7",
      "resolved": "https://registry.npmjs.org/eventemitter3/-/eventemitter3-4.0.7.tgz",
      "integrity": "sha512-8guHBZCwKnFhYdHr2ysuRWErTwhoN2X8XELRlrRwpmfeY2jjuUN4taQMsULKUVo1K4DvZl+0pgfyoysHxvmvEw=="
    },
    "konva": {
      "version": "8.3.12",
      "resolved": "https://registry.npmjs.org/konva/-/konva-8.3.12.tgz",
      "integrity": "sha512-+tZQOMqEg1EVvsHoRGiC4iImAX8mfNk1mEOyu+Ox8iLpj7oOsjAKw0Kd6Om0EAQnxhcSnwW3ltxfhAUfO0ejtQ=="
    },
    "lottie-web": {
      "version": "5.9.6",
      "resolved": "https://registry.npmjs.org/lottie-web/-/lottie-web-5.9.6.tgz",
      "integrity": "sha512-JFs7KsHwflugH5qIXBpB4905yC1Sub2MZWtl/elvO/QC6qj1ApqbUZJyjzJseJUtVpgiDaXQLjBlIJGS7UUUXA=="
    },
    "peaks.js": {
      "version": "2.0.6",
      "resolved": "https://registry.npmjs.org/peaks.js/-/peaks.js-2.0.6.tgz",
      "integrity": "sha512-P0NDtQdWidj1lvIjfT/z5Oiuq+lPfmC/ECR5Jxynag8Sq1XxxWqQA7JbufYT7kQTSeZ6YcVdJpxVJ+9XsWmGWw==",
      "requires": {
        "eventemitter3": "~4.0.7"
      }
    },
    "waveform-data": {
      "version": "4.3.0",
      "resolved": "https://registry.npmjs.org/waveform-data/-/waveform-data-4.3.0.tgz",
      "integrity": "sha512-gddZgTV1dM8Mfaqn+mCJjwTAc7O/GbX2LgOrijRCHEGC60ZVdd/qTzrgEcCE5MfBoBPgwQ85huy1icSf5IZY5Q=="
    }
  }
}
